
Microsoft Visual Studio Solution File, Format Version 12.00
# Visual Studio Version 16
VisualStudioVersion = 16.0.31624.102
MinimumVisualStudioVersion = 10.0.40219.1
Project("{FAE04EC0-301F-11D3-BF4B-00C04F79EFBC}") = "TP05", "TP05.csproj", "{54BDD8CD-2577-4629-AC9A-FB8FCED3FE56}"
EndProject
Global
	GlobalSection(SolutionConfigurationPlatforms) = preSolution
		Debug|Any CPU = Debug|Any CPU
		Release|Any CPU = Release|Any CPU
	EndGlobalSection
	GlobalSection(ProjectConfigurationPlatforms) = postSolution
		{54BDD8CD-2577-4629-AC9A-FB8FCED3FE56}.Debug|Any CPU.ActiveCfg = Debug|Any CPU
		{54BDD8CD-2577-4629-AC9A-FB8FCED3FE56}.Debug|Any CPU.Build.0 = Debug|Any CPU
		{54BDD8CD-2577-4629-AC9A-FB8FCED3FE56}.Release|Any CPU.ActiveCfg = Release|Any CPU
		{54BDD8CD-2577-4629-AC9A-FB8FCED3FE56}.Release|Any CPU.Build.0 = Release|Any CPU
	EndGlobalSection
	GlobalSection(SolutionProperties) = preSolution
		HideSolutionNode = FALSE
	EndGlobalSection
	GlobalSection(ExtensibilityGlobals) = postSolution
		SolutionGuid = {DFE93360-7C1B-40BF-ADAD-C42996C41CA8}
	EndGlobalSection
EndGlobal
