
Microsoft Visual Studio Solution File, Format Version 12.00
# Visual Studio Version 16
VisualStudioVersion = 16.0.31624.102
MinimumVisualStudioVersion = 10.0.40219.1
Project("{FAE04EC0-301F-11D3-BF4B-00C04F79EFBC}") = "TP07", "TP07.csproj", "{89ABECF5-D308-42F6-92E7-D695B280C75E}"
EndProject
Global
	GlobalSection(SolutionConfigurationPlatforms) = preSolution
		Debug|Any CPU = Debug|Any CPU
		Release|Any CPU = Release|Any CPU
	EndGlobalSection
	GlobalSection(ProjectConfigurationPlatforms) = postSolution
		{89ABECF5-D308-42F6-92E7-D695B280C75E}.Debug|Any CPU.ActiveCfg = Debug|Any CPU
		{89ABECF5-D308-42F6-92E7-D695B280C75E}.Debug|Any CPU.Build.0 = Debug|Any CPU
		{89ABECF5-D308-42F6-92E7-D695B280C75E}.Release|Any CPU.ActiveCfg = Release|Any CPU
		{89ABECF5-D308-42F6-92E7-D695B280C75E}.Release|Any CPU.Build.0 = Release|Any CPU
	EndGlobalSection
	GlobalSection(SolutionProperties) = preSolution
		HideSolutionNode = FALSE
	EndGlobalSection
	GlobalSection(ExtensibilityGlobals) = postSolution
		SolutionGuid = {801C9903-900D-4195-9FA5-90FA163CEE43}
	EndGlobalSection
EndGlobal
