
Microsoft Visual Studio Solution File, Format Version 12.00
# Visual Studio Version 16
VisualStudioVersion = 16.0.31624.102
MinimumVisualStudioVersion = 10.0.40219.1
Project("{FAE04EC0-301F-11D3-BF4B-00C04F79EFBC}") = "Atividade21-11-03", "Atividade21-11-03.csproj", "{715E7569-AE19-4A14-9350-B9ACC2BF15B3}"
EndProject
Global
	GlobalSection(SolutionConfigurationPlatforms) = preSolution
		Debug|Any CPU = Debug|Any CPU
		Release|Any CPU = Release|Any CPU
	EndGlobalSection
	GlobalSection(ProjectConfigurationPlatforms) = postSolution
		{715E7569-AE19-4A14-9350-B9ACC2BF15B3}.Debug|Any CPU.ActiveCfg = Debug|Any CPU
		{715E7569-AE19-4A14-9350-B9ACC2BF15B3}.Debug|Any CPU.Build.0 = Debug|Any CPU
		{715E7569-AE19-4A14-9350-B9ACC2BF15B3}.Release|Any CPU.ActiveCfg = Release|Any CPU
		{715E7569-AE19-4A14-9350-B9ACC2BF15B3}.Release|Any CPU.Build.0 = Release|Any CPU
	EndGlobalSection
	GlobalSection(SolutionProperties) = preSolution
		HideSolutionNode = FALSE
	EndGlobalSection
	GlobalSection(ExtensibilityGlobals) = postSolution
		SolutionGuid = {2B8CEA4B-8890-44F1-A202-EA5D3619882E}
	EndGlobalSection
EndGlobal
