
Microsoft Visual Studio Solution File, Format Version 12.00
# Visual Studio Version 16
VisualStudioVersion = 16.0.31624.102
MinimumVisualStudioVersion = 10.0.40219.1
Project("{FAE04EC0-301F-11D3-BF4B-00C04F79EFBC}") = "TP-02", "TP-02.csproj", "{7F4F3A4F-A1DB-4145-878D-67F2C31D457E}"
EndProject
Global
	GlobalSection(SolutionConfigurationPlatforms) = preSolution
		Debug|Any CPU = Debug|Any CPU
		Release|Any CPU = Release|Any CPU
	EndGlobalSection
	GlobalSection(ProjectConfigurationPlatforms) = postSolution
		{7F4F3A4F-A1DB-4145-878D-67F2C31D457E}.Debug|Any CPU.ActiveCfg = Debug|Any CPU
		{7F4F3A4F-A1DB-4145-878D-67F2C31D457E}.Debug|Any CPU.Build.0 = Debug|Any CPU
		{7F4F3A4F-A1DB-4145-878D-67F2C31D457E}.Release|Any CPU.ActiveCfg = Release|Any CPU
		{7F4F3A4F-A1DB-4145-878D-67F2C31D457E}.Release|Any CPU.Build.0 = Release|Any CPU
	EndGlobalSection
	GlobalSection(SolutionProperties) = preSolution
		HideSolutionNode = FALSE
	EndGlobalSection
	GlobalSection(ExtensibilityGlobals) = postSolution
		SolutionGuid = {30403CC8-A1ED-4A28-9CBB-1A89E7129950}
	EndGlobalSection
EndGlobal
